
Microsoft Visual Studio Solution File, Format Version 12.00
# Visual Studio Version 17
VisualStudioVersion = 17.4.33205.214
MinimumVisualStudioVersion = 10.0.40219.1
Project("{FAE04EC0-301F-11D3-BF4B-00C04F79EFBC}") = "BlazorWasm.MemoryCardsGameV2", "BlazorWasm.MemoryCardsGameV2\BlazorWasm.MemoryCardsGameV2.csproj", "{67DC2739-7633-4086-ADC1-43249C2BA0B1}"
EndProject
Global
	GlobalSection(SolutionConfigurationPlatforms) = preSolution
		Debug|Any CPU = Debug|Any CPU
		Release|Any CPU = Release|Any CPU
	EndGlobalSection
	GlobalSection(ProjectConfigurationPlatforms) = postSolution
		{67DC2739-7633-4086-ADC1-43249C2BA0B1}.Debug|Any CPU.ActiveCfg = Debug|Any CPU
		{67DC2739-7633-4086-ADC1-43249C2BA0B1}.Debug|Any CPU.Build.0 = Debug|Any CPU
		{67DC2739-7633-4086-ADC1-43249C2BA0B1}.Release|Any CPU.ActiveCfg = Release|Any CPU
		{67DC2739-7633-4086-ADC1-43249C2BA0B1}.Release|Any CPU.Build.0 = Release|Any CPU
	EndGlobalSection
	GlobalSection(SolutionProperties) = preSolution
		HideSolutionNode = FALSE
	EndGlobalSection
	GlobalSection(ExtensibilityGlobals) = postSolution
		SolutionGuid = {7ECA0709-5D03-4469-B471-AB46CBE1C1C2}
	EndGlobalSection
EndGlobal
